{
  "lockfile_version": "1",
  "packages": {
    "github:NixOS/nixpkgs/nixpkgs-unstable": {
      "last_modified": "2026-05-25T07:42:19Z",
      "resolved": "github:NixOS/nixpkgs/f9d8b65950353691ab56561e7c73d2e1063d810b?lastModified=1779694939&narHash=sha256-Ly4j75O8ICaSQx3uxPnwk2x7PMF0XQvn5r0c3yBA7FI%3D"
    },
    "go@1.27": {
      "last_modified": "2026-08-20T07:12:19Z",
      "resolved": "github:NixOS/nixpkgs/391b592eb44808b3bd0cb80bb71b63a5a118b8bb#go_1_27",
      "source": "devbox-search",
      "version": "1.27.0",
      "systems": {
        "aarch64-darwin": {
          "outputs": [
            {
              "name": "out",
              "path": "/nix/store/yc80gss7r296qnsyqcpv4vh8lyqfzgql-go-1.27.0",
              "default": true
            }
          ],
          "store_path": "/nix/store/yc80gss7r296qnsyqcpv4vh8lyqfzgql-go-1.27.0"
        },
        "aarch64-linux": {
          "outputs": [
            {
              "name": "out",
              "path": "/nix/store/6ywlyfxa05qn37d5izyy5bkvmhi3p2gv-go-1.27.0",
              "default": true
            }
          ],
          "store_path": "/nix/store/6ywlyfxa05qn37d5izyy5bkvmhi3p2gv-go-1.27.0"
        },
        "x86_64-linux": {
          "outputs": [
            {
              "name": "out",
              "path": "/nix/store/9sz1nv010igaizprggzydbmybx8jm9ym-go-1.27.0",
              "default": true
            }
          ],
          "store_path": "/nix/store/9sz1nv010igaizprggzydbmybx8jm9ym-go-1.27.0"
        }
      }
    },
    "golangci-lint@2.12.2": {
      "last_modified": "2026-05-21T08:15:18Z",
      "resolved": "github:NixOS/nixpkgs/4a29d733e8a7d5b824c3d8c958a946a9867b3eb2#golangci-lint",
      "source": "devbox-search",
      "version": "2.12.2",
      "systems": {
        "aarch64-darwin": {
          "outputs": [
            {
              "name": "out",
              "path": "/nix/store/paiggn2x6idsnhzn6ss6sdn87lvqadlf-golangci-lint-2.12.2",
              "default": true
            }
          ],
          "store_path": "/nix/store/paiggn2x6idsnhzn6ss6sdn87lvqadlf-golangci-lint-2.12.2"
        },
        "aarch64-linux": {
          "outputs": [
            {
              "name": "out",
              "path": "/nix/store/mxcfgfnl675mlqnm7v3zliq0y1wisw7i-golangci-lint-2.12.2",
              "default": true
            }
          ],
          "store_path": "/nix/store/mxcfgfnl675mlqnm7v3zliq0y1wisw7i-golangci-lint-2.12.2"
        },
        "x86_64-darwin": {
          "outputs": [
            {
              "name": "out",
              "path": "/nix/store/80gb4fz1fs06h9y8c7xb80yfz0zd3qaa-golangci-lint-2.12.2",
              "default": true
            }
          ],
          "store_path": "/nix/store/80gb4fz1fs06h9y8c7xb80yfz0zd3qaa-golangci-lint-2.12.2"
        },
        "x86_64-linux": {
          "outputs": [
            {
              "name": "out",
              "path": "/nix/store/x3ism4ihdsansi2y1ldhs78244pxv22w-golangci-lint-2.12.2",
              "default": true
            }
          ],
          "store_path": "/nix/store/x3ism4ihdsansi2y1ldhs78244pxv22w-golangci-lint-2.12.2"
        }
      }
    }
  }
}
